<?xml version="1.0" encoding="UTF-8"?>
<Project ToolsVersion="4.0" xmlns="http://schemas.microsoft.com/developer/msbuild/2003">
  <ItemGroup>
    <CustomBuild Include="CMakeFiles\974856f78c203276f6fd9ee7ff04dfe3\generate.stamp.rule">
      <Filter>CMake Rules</Filter>
    </CustomBuild>
  </ItemGroup>
  <ItemGroup>
    <Filter Include="CMake Rules">
      <UniqueIdentifier>{CDAF34A7-54FC-3D28-9DD5-D76E1F973320}</UniqueIdentifier>
    </Filter>
  </ItemGroup>
</Project>
