<?xml version="1.0" encoding="UTF-8"?>
<Project ToolsVersion="4.0" xmlns="http://schemas.microsoft.com/developer/msbuild/2003">
  <ItemGroup>
    <CustomBuild Include="CMakeFiles\d6a949bdd39f6089164333d1441f7dd5\generate.stamp.rule">
      <Filter>CMake Rules</Filter>
    </CustomBuild>
  </ItemGroup>
  <ItemGroup>
    <Filter Include="CMake Rules">
      <UniqueIdentifier>{03B5FE24-777E-38CF-AC7D-12F21651F2C6}</UniqueIdentifier>
    </Filter>
  </ItemGroup>
</Project>
