Microsoft Visual Studio Solution File, Format Version 11.00
# Visual C++ Express 2010
Project("{8BC9CEB8-8B4A-11D0-8D11-00A0C91BC942}") = "ALL_BUILD", "ALL_BUILD.vcxproj", "{BAD37FC5-DAB8-3D83-93F3-40A369F574D6}"
	ProjectSection(ProjectDependencies) = postProject
		{94A30BB5-0290-3B3D-A96C-278E4A515E65} = {94A30BB5-0290-3B3D-A96C-278E4A515E65}
		{E363A636-BD0D-364E-A464-0836487724D9} = {E363A636-BD0D-364E-A464-0836487724D9}
		{8AD69825-EF48-3265-B8D8-631A9633336C} = {8AD69825-EF48-3265-B8D8-631A9633336C}
		{23D48EFD-3D21-3928-9954-218E1CFA28DB} = {23D48EFD-3D21-3928-9954-218E1CFA28DB}
	EndProjectSection
EndProject
Project("{8BC9CEB8-8B4A-11D0-8D11-00A0C91BC942}") = "INSTALL", "INSTALL.vcxproj", "{30AC1D8C-902E-3971-BC5D-BE06069282FF}"
	ProjectSection(ProjectDependencies) = postProject
		{BAD37FC5-DAB8-3D83-93F3-40A369F574D6} = {BAD37FC5-DAB8-3D83-93F3-40A369F574D6}
		{23D48EFD-3D21-3928-9954-218E1CFA28DB} = {23D48EFD-3D21-3928-9954-218E1CFA28DB}
	EndProjectSection
EndProject
Project("{8BC9CEB8-8B4A-11D0-8D11-00A0C91BC942}") = "MakeTable", "MathFunctions\MakeTable.vcxproj", "{94A30BB5-0290-3B3D-A96C-278E4A515E65}"
	ProjectSection(ProjectDependencies) = postProject
		{23D48EFD-3D21-3928-9954-218E1CFA28DB} = {23D48EFD-3D21-3928-9954-218E1CFA28DB}
	EndProjectSection
EndProject
Project("{8BC9CEB8-8B4A-11D0-8D11-00A0C91BC942}") = "MathFunctions", "MathFunctions\MathFunctions.vcxproj", "{E363A636-BD0D-364E-A464-0836487724D9}"
	ProjectSection(ProjectDependencies) = postProject
		{94A30BB5-0290-3B3D-A96C-278E4A515E65} = {94A30BB5-0290-3B3D-A96C-278E4A515E65}
		{23D48EFD-3D21-3928-9954-218E1CFA28DB} = {23D48EFD-3D21-3928-9954-218E1CFA28DB}
	EndProjectSection
EndProject
Project("{8BC9CEB8-8B4A-11D0-8D11-00A0C91BC942}") = "RUN_TESTS", "RUN_TESTS.vcxproj", "{0E0BA339-86F1-30B9-B835-54E649188F9E}"
	ProjectSection(ProjectDependencies) = postProject
		{23D48EFD-3D21-3928-9954-218E1CFA28DB} = {23D48EFD-3D21-3928-9954-218E1CFA28DB}
	EndProjectSection
EndProject
Project("{8BC9CEB8-8B4A-11D0-8D11-00A0C91BC942}") = "Tutorial", "Tutorial.vcxproj", "{8AD69825-EF48-3265-B8D8-631A9633336C}"
	ProjectSection(ProjectDependencies) = postProject
		{E363A636-BD0D-364E-A464-0836487724D9} = {E363A636-BD0D-364E-A464-0836487724D9}
		{23D48EFD-3D21-3928-9954-218E1CFA28DB} = {23D48EFD-3D21-3928-9954-218E1CFA28DB}
	EndProjectSection
EndProject
Project("{8BC9CEB8-8B4A-11D0-8D11-00A0C91BC942}") = "ZERO_CHECK", "ZERO_CHECK.vcxproj", "{23D48EFD-3D21-3928-9954-218E1CFA28DB}"
	ProjectSection(ProjectDependencies) = postProject
	EndProjectSection
EndProject
Global
	GlobalSection(SolutionConfigurationPlatforms) = preSolution
		Debug|Win32 = Debug|Win32
		Release|Win32 = Release|Win32
		MinSizeRel|Win32 = MinSizeRel|Win32
		RelWithDebInfo|Win32 = RelWithDebInfo|Win32
	EndGlobalSection
	GlobalSection(ProjectConfigurationPlatforms) = postSolution
		{BAD37FC5-DAB8-3D83-93F3-40A369F574D6}.Debug|Win32.ActiveCfg = Debug|Win32
		{BAD37FC5-DAB8-3D83-93F3-40A369F574D6}.Debug|Win32.Build.0 = Debug|Win32
		{BAD37FC5-DAB8-3D83-93F3-40A369F574D6}.Release|Win32.ActiveCfg = Release|Win32
		{BAD37FC5-DAB8-3D83-93F3-40A369F574D6}.Release|Win32.Build.0 = Release|Win32
		{BAD37FC5-DAB8-3D83-93F3-40A369F574D6}.MinSizeRel|Win32.ActiveCfg = MinSizeRel|Win32
		{BAD37FC5-DAB8-3D83-93F3-40A369F574D6}.MinSizeRel|Win32.Build.0 = MinSizeRel|Win32
		{BAD37FC5-DAB8-3D83-93F3-40A369F574D6}.RelWithDebInfo|Win32.ActiveCfg = RelWithDebInfo|Win32
		{BAD37FC5-DAB8-3D83-93F3-40A369F574D6}.RelWithDebInfo|Win32.Build.0 = RelWithDebInfo|Win32
		{30AC1D8C-902E-3971-BC5D-BE06069282FF}.Debug|Win32.ActiveCfg = Debug|Win32
		{30AC1D8C-902E-3971-BC5D-BE06069282FF}.Release|Win32.ActiveCfg = Release|Win32
		{30AC1D8C-902E-3971-BC5D-BE06069282FF}.MinSizeRel|Win32.ActiveCfg = MinSizeRel|Win32
		{30AC1D8C-902E-3971-BC5D-BE06069282FF}.RelWithDebInfo|Win32.ActiveCfg = RelWithDebInfo|Win32
		{94A30BB5-0290-3B3D-A96C-278E4A515E65}.Debug|Win32.ActiveCfg = Debug|Win32
		{94A30BB5-0290-3B3D-A96C-278E4A515E65}.Debug|Win32.Build.0 = Debug|Win32
		{94A30BB5-0290-3B3D-A96C-278E4A515E65}.Release|Win32.ActiveCfg = Release|Win32
		{94A30BB5-0290-3B3D-A96C-278E4A515E65}.Release|Win32.Build.0 = Release|Win32
		{94A30BB5-0290-3B3D-A96C-278E4A515E65}.MinSizeRel|Win32.ActiveCfg = MinSizeRel|Win32
		{94A30BB5-0290-3B3D-A96C-278E4A515E65}.MinSizeRel|Win32.Build.0 = MinSizeRel|Win32
		{94A30BB5-0290-3B3D-A96C-278E4A515E65}.RelWithDebInfo|Win32.ActiveCfg = RelWithDebInfo|Win32
		{94A30BB5-0290-3B3D-A96C-278E4A515E65}.RelWithDebInfo|Win32.Build.0 = RelWithDebInfo|Win32
		{E363A636-BD0D-364E-A464-0836487724D9}.Debug|Win32.ActiveCfg = Debug|Win32
		{E363A636-BD0D-364E-A464-0836487724D9}.Debug|Win32.Build.0 = Debug|Win32
		{E363A636-BD0D-364E-A464-0836487724D9}.Release|Win32.ActiveCfg = Release|Win32
		{E363A636-BD0D-364E-A464-0836487724D9}.Release|Win32.Build.0 = Release|Win32
		{E363A636-BD0D-364E-A464-0836487724D9}.MinSizeRel|Win32.ActiveCfg = MinSizeRel|Win32
		{E363A636-BD0D-364E-A464-0836487724D9}.MinSizeRel|Win32.Build.0 = MinSizeRel|Win32
		{E363A636-BD0D-364E-A464-0836487724D9}.RelWithDebInfo|Win32.ActiveCfg = RelWithDebInfo|Win32
		{E363A636-BD0D-364E-A464-0836487724D9}.RelWithDebInfo|Win32.Build.0 = RelWithDebInfo|Win32
		{0E0BA339-86F1-30B9-B835-54E649188F9E}.Debug|Win32.ActiveCfg = Debug|Win32
		{0E0BA339-86F1-30B9-B835-54E649188F9E}.Release|Win32.ActiveCfg = Release|Win32
		{0E0BA339-86F1-30B9-B835-54E649188F9E}.MinSizeRel|Win32.ActiveCfg = MinSizeRel|Win32
		{0E0BA339-86F1-30B9-B835-54E649188F9E}.RelWithDebInfo|Win32.ActiveCfg = RelWithDebInfo|Win32
		{8AD69825-EF48-3265-B8D8-631A9633336C}.Debug|Win32.ActiveCfg = Debug|Win32
		{8AD69825-EF48-3265-B8D8-631A9633336C}.Debug|Win32.Build.0 = Debug|Win32
		{8AD69825-EF48-3265-B8D8-631A9633336C}.Release|Win32.ActiveCfg = Release|Win32
		{8AD69825-EF48-3265-B8D8-631A9633336C}.Release|Win32.Build.0 = Release|Win32
		{8AD69825-EF48-3265-B8D8-631A9633336C}.MinSizeRel|Win32.ActiveCfg = MinSizeRel|Win32
		{8AD69825-EF48-3265-B8D8-631A9633336C}.MinSizeRel|Win32.Build.0 = MinSizeRel|Win32
		{8AD69825-EF48-3265-B8D8-631A9633336C}.RelWithDebInfo|Win32.ActiveCfg = RelWithDebInfo|Win32
		{8AD69825-EF48-3265-B8D8-631A9633336C}.RelWithDebInfo|Win32.Build.0 = RelWithDebInfo|Win32
		{23D48EFD-3D21-3928-9954-218E1CFA28DB}.Debug|Win32.ActiveCfg = Debug|Win32
		{23D48EFD-3D21-3928-9954-218E1CFA28DB}.Debug|Win32.Build.0 = Debug|Win32
		{23D48EFD-3D21-3928-9954-218E1CFA28DB}.Release|Win32.ActiveCfg = Release|Win32
		{23D48EFD-3D21-3928-9954-218E1CFA28DB}.Release|Win32.Build.0 = Release|Win32
		{23D48EFD-3D21-3928-9954-218E1CFA28DB}.MinSizeRel|Win32.ActiveCfg = MinSizeRel|Win32
		{23D48EFD-3D21-3928-9954-218E1CFA28DB}.MinSizeRel|Win32.Build.0 = MinSizeRel|Win32
		{23D48EFD-3D21-3928-9954-218E1CFA28DB}.RelWithDebInfo|Win32.ActiveCfg = RelWithDebInfo|Win32
		{23D48EFD-3D21-3928-9954-218E1CFA28DB}.RelWithDebInfo|Win32.Build.0 = RelWithDebInfo|Win32
	EndGlobalSection
	GlobalSection(ExtensibilityGlobals) = postSolution
	EndGlobalSection
	GlobalSection(ExtensibilityAddIns) = postSolution
	EndGlobalSection
EndGlobal
